
Microsoft Visual Studio Solution File, Format Version 12.00
# Visual Studio Version 17
VisualStudioVersion = 17.0.31903.59
MinimumVisualStudioVersion = 10.0.40219.1
Project("{FAE04EC0-301F-11D3-BF4B-00C04F79EFBC}") = "CurrentWeatherAPI", "CurrentWeatherAPI\CurrentWeatherAPI.csproj", "{243BB317-FF0C-4ABB-AC17-2643D25FE5FD}"
EndProject
Project("{FAE04EC0-301F-11D3-BF4B-00C04F79EFBC}") = "CurrentWeatherAPI.Test", "CurrentWeatherAPI.Test\CurrentWeatherAPI.Test.csproj", "{556ED15D-7FDC-4B6B-A062-A1B9508701E4}"
EndProject
Global
	GlobalSection(SolutionConfigurationPlatforms) = preSolution
		Debug|Any CPU = Debug|Any CPU
		Release|Any CPU = Release|Any CPU
	EndGlobalSection
	GlobalSection(SolutionProperties) = preSolution
		HideSolutionNode = FALSE
	EndGlobalSection
	GlobalSection(ProjectConfigurationPlatforms) = postSolution
		{243BB317-FF0C-4ABB-AC17-2643D25FE5FD}.Debug|Any CPU.ActiveCfg = Debug|Any CPU
		{243BB317-FF0C-4ABB-AC17-2643D25FE5FD}.Debug|Any CPU.Build.0 = Debug|Any CPU
		{243BB317-FF0C-4ABB-AC17-2643D25FE5FD}.Release|Any CPU.ActiveCfg = Release|Any CPU
		{243BB317-FF0C-4ABB-AC17-2643D25FE5FD}.Release|Any CPU.Build.0 = Release|Any CPU
		{556ED15D-7FDC-4B6B-A062-A1B9508701E4}.Debug|Any CPU.ActiveCfg = Debug|Any CPU
		{556ED15D-7FDC-4B6B-A062-A1B9508701E4}.Debug|Any CPU.Build.0 = Debug|Any CPU
		{556ED15D-7FDC-4B6B-A062-A1B9508701E4}.Release|Any CPU.ActiveCfg = Release|Any CPU
		{556ED15D-7FDC-4B6B-A062-A1B9508701E4}.Release|Any CPU.Build.0 = Release|Any CPU
	EndGlobalSection
EndGlobal
